
Microsoft Visual Studio Solution File, Format Version 12.00
# Visual Studio Version 17
VisualStudioVersion = 17.10.35013.160
MinimumVisualStudioVersion = 10.0.40219.1
Project("{FAE04EC0-301F-11D3-BF4B-00C04F79EFBC}") = "StopWatchApp", "StopWatchApp\StopWatchApp.csproj", "{1C24E00C-7396-4BEB-9F27-7A297744CEF8}"
EndProject
Global
	GlobalSection(SolutionConfigurationPlatforms) = preSolution
		Debug|Any CPU = Debug|Any CPU
		Release|Any CPU = Release|Any CPU
	EndGlobalSection
	GlobalSection(ProjectConfigurationPlatforms) = postSolution
		{1C24E00C-7396-4BEB-9F27-7A297744CEF8}.Debug|Any CPU.ActiveCfg = Debug|Any CPU
		{1C24E00C-7396-4BEB-9F27-7A297744CEF8}.Debug|Any CPU.Build.0 = Debug|Any CPU
		{1C24E00C-7396-4BEB-9F27-7A297744CEF8}.Release|Any CPU.ActiveCfg = Release|Any CPU
		{1C24E00C-7396-4BEB-9F27-7A297744CEF8}.Release|Any CPU.Build.0 = Release|Any CPU
	EndGlobalSection
	GlobalSection(SolutionProperties) = preSolution
		HideSolutionNode = FALSE
	EndGlobalSection
	GlobalSection(ExtensibilityGlobals) = postSolution
		SolutionGuid = {709BEF66-6AEC-4E93-998C-35B256A734E7}
	EndGlobalSection
EndGlobal
